<?xml version="1.0" encoding="utf-8"?>
<Project ToolsVersion="4.0" xmlns="http://schemas.microsoft.com/developer/msbuild/2003">
  <ItemGroup>
    <Filter Include="Archivos de código fuente">
      <UniqueIdentifier>{4FC737F1-C7A5-4376-A066-2A32D752A2FF}</UniqueIdentifier>
      <Extensions>cpp;c;cc;cxx;def;odl;idl;hpj;bat;asm;asmx</Extensions>
    </Filter>
    <Filter Include="Archivos de encabezado">
      <UniqueIdentifier>{93995380-89BD-4b04-88EB-625FBE52EBFB}</UniqueIdentifier>
      <Extensions>h;hh;hpp;hxx;hm;inl;inc;xsd</Extensions>
    </Filter>
    <Filter Include="Archivos de recursos">
      <UniqueIdentifier>{67DA6AB6-F800-4c08-8B7A-83BB121AAD01}</UniqueIdentifier>
      <Extensions>rc;ico;cur;bmp;dlg;rc2;rct;bin;rgs;gif;jpg;jpeg;jpe;resx;tiff;tif;png;wav;mfcribbon-ms</Extensions>
    </Filter>
    <Filter Include="Archivos de código fuente\Main">
      <UniqueIdentifier>{a9319fb7-9ee1-4f95-8805-fdc99c6aa898}</UniqueIdentifier>
    </Filter>
    <Filter Include="Archivos de código fuente\Menu">
      <UniqueIdentifier>{9a4db841-19db-4782-bae3-dc60f09ddb4c}</UniqueIdentifier>
    </Filter>
    <Filter Include="Archivos de código fuente\Shaders">
      <UniqueIdentifier>{247eb8ff-c093-47ae-b8e9-ad42410a2ce3}</UniqueIdentifier>
    </Filter>
    <Filter Include="Archivos de código fuente\Objects">
      <UniqueIdentifier>{1366423a-3112-4542-b62f-1b522af1c48e}</UniqueIdentifier>
    </Filter>
    <Filter Include="Archivos de código fuente\Characters">
      <UniqueIdentifier>{4d8606d2-a602-4601-9377-1136418887ef}</UniqueIdentifier>
    </Filter>
    <Filter Include="Archivos de código fuente\Map">
      <UniqueIdentifier>{84a56674-ea08-49ec-b6f0-71b22c8e41e3}</UniqueIdentifier>
    </Filter>
    <Filter Include="Archivos de encabezado\Main">
      <UniqueIdentifier>{af27b948-c8d8-4cac-9ccb-934602f6a365}</UniqueIdentifier>
    </Filter>
    <Filter Include="Archivos de encabezado\Menu">
      <UniqueIdentifier>{5515bb50-4297-4e20-be34-38d4d54dd61f}</UniqueIdentifier>
    </Filter>
    <Filter Include="Archivos de encabezado\Characters">
      <UniqueIdentifier>{5e715a52-943c-4603-b217-2442199442f9}</UniqueIdentifier>
    </Filter>
    <Filter Include="Archivos de encabezado\Map">
      <UniqueIdentifier>{869c3155-0955-49d6-b6f5-cb968ac165a6}</UniqueIdentifier>
    </Filter>
    <Filter Include="Archivos de encabezado\Objects">
      <UniqueIdentifier>{26df57cc-10d5-418a-b8ab-916a42bfd095}</UniqueIdentifier>
    </Filter>
    <Filter Include="Archivos de encabezado\Shaders">
      <UniqueIdentifier>{17b51f4c-3da4-4bad-bc2c-688fe7b5bad7}</UniqueIdentifier>
    </Filter>
  </ItemGroup>
  <ItemGroup>
    <ClInclude Include="Boss.h">
      <Filter>Archivos de encabezado\Characters</Filter>
    </ClInclude>
    <ClInclude Include="credits.h">
      <Filter>Archivos de encabezado\Menu</Filter>
    </ClInclude>
    <ClInclude Include="AnimKeyframes.h">
      <Filter>Archivos de encabezado</Filter>
    </ClInclude>
    <ClInclude Include="Door.h">
      <Filter>Archivos de encabezado\Objects</Filter>
    </ClInclude>
    <ClInclude Include="Game.h">
      <Filter>Archivos de encabezado\Main</Filter>
    </ClInclude>
    <ClInclude Include="gameover.h">
      <Filter>Archivos de encabezado\Menu</Filter>
    </ClInclude>
    <ClInclude Include="instruccions.h">
      <Filter>Archivos de encabezado\Menu</Filter>
    </ClInclude>
    <ClInclude Include="Land.h">
      <Filter>Archivos de encabezado\Objects</Filter>
    </ClInclude>
    <ClInclude Include="levelcompleted.h">
      <Filter>Archivos de encabezado\Menu</Filter>
    </ClInclude>
    <ClInclude Include="menu.h">
      <Filter>Archivos de encabezado\Menu</Filter>
    </ClInclude>
    <ClInclude Include="MenuPrincipal.h">
      <Filter>Archivos de encabezado\Menu</Filter>
    </ClInclude>
    <ClInclude Include="Player.h">
      <Filter>Archivos de encabezado\Characters</Filter>
    </ClInclude>
    <ClInclude Include="Scene.h">
      <Filter>Archivos de encabezado\Main</Filter>
    </ClInclude>
    <ClInclude Include="Shader.h">
      <Filter>Archivos de encabezado\Shaders</Filter>
    </ClInclude>
    <ClInclude Include="ShaderProgram.h">
      <Filter>Archivos de encabezado\Shaders</Filter>
    </ClInclude>
    <ClInclude Include="Soldier.h">
      <Filter>Archivos de encabezado\Characters</Filter>
    </ClInclude>
    <ClInclude Include="Sprite.h">
      <Filter>Archivos de encabezado\Characters</Filter>
    </ClInclude>
    <ClInclude Include="Texture.h">
      <Filter>Archivos de encabezado\Map</Filter>
    </ClInclude>
    <ClInclude Include="TileMap.h">
      <Filter>Archivos de encabezado\Map</Filter>
    </ClInclude>
    <ClInclude Include="Torch.h">
      <Filter>Archivos de encabezado\Objects</Filter>
    </ClInclude>
    <ClInclude Include="Trap.h">
      <Filter>Archivos de encabezado\Objects</Filter>
    </ClInclude>
    <ClInclude Include="VidaBoss.h">
      <Filter>Archivos de encabezado\Objects</Filter>
    </ClInclude>
    <ClInclude Include="VidaPlayer.h">
      <Filter>Archivos de encabezado\Objects</Filter>
    </ClInclude>
    <ClInclude Include="VidaSoldier.h">
      <Filter>Archivos de encabezado\Objects</Filter>
    </ClInclude>
  </ItemGroup>
  <ItemGroup>
    <ClCompile Include="Game.cpp">
      <Filter>Archivos de código fuente\Main</Filter>
    </ClCompile>
    <ClCompile Include="main.cpp">
      <Filter>Archivos de código fuente\Main</Filter>
    </ClCompile>
    <ClCompile Include="credits.cpp">
      <Filter>Archivos de código fuente\Menu</Filter>
    </ClCompile>
    <ClCompile Include="gameover.cpp">
      <Filter>Archivos de código fuente\Menu</Filter>
    </ClCompile>
    <ClCompile Include="instruccions.cpp">
      <Filter>Archivos de código fuente\Menu</Filter>
    </ClCompile>
    <ClCompile Include="levelcompleted.cpp">
      <Filter>Archivos de código fuente\Menu</Filter>
    </ClCompile>
    <ClCompile Include="MenuPrincipal.cpp">
      <Filter>Archivos de código fuente\Menu</Filter>
    </ClCompile>
    <ClCompile Include="menu.cpp">
      <Filter>Archivos de código fuente\Menu</Filter>
    </ClCompile>
    <ClCompile Include="Shader.cpp">
      <Filter>Archivos de código fuente\Shaders</Filter>
    </ClCompile>
    <ClCompile Include="ShaderProgram.cpp">
      <Filter>Archivos de código fuente\Shaders</Filter>
    </ClCompile>
    <ClCompile Include="Door.cpp">
      <Filter>Archivos de código fuente\Objects</Filter>
    </ClCompile>
    <ClCompile Include="Torch.cpp">
      <Filter>Archivos de código fuente\Objects</Filter>
    </ClCompile>
    <ClCompile Include="Trap.cpp">
      <Filter>Archivos de código fuente\Objects</Filter>
    </ClCompile>
    <ClCompile Include="Land.cpp">
      <Filter>Archivos de código fuente\Objects</Filter>
    </ClCompile>
    <ClCompile Include="VidaBoss.cpp">
      <Filter>Archivos de código fuente\Objects</Filter>
    </ClCompile>
    <ClCompile Include="VidaPlayer.cpp">
      <Filter>Archivos de código fuente\Objects</Filter>
    </ClCompile>
    <ClCompile Include="VidaSoldier.cpp">
      <Filter>Archivos de código fuente\Objects</Filter>
    </ClCompile>
    <ClCompile Include="Boss.cpp">
      <Filter>Archivos de código fuente\Characters</Filter>
    </ClCompile>
    <ClCompile Include="Player.cpp">
      <Filter>Archivos de código fuente\Characters</Filter>
    </ClCompile>
    <ClCompile Include="Soldier.cpp">
      <Filter>Archivos de código fuente\Characters</Filter>
    </ClCompile>
    <ClCompile Include="Texture.cpp">
      <Filter>Archivos de código fuente\Map</Filter>
    </ClCompile>
    <ClCompile Include="TileMap.cpp">
      <Filter>Archivos de código fuente\Map</Filter>
    </ClCompile>
    <ClCompile Include="Scene.cpp">
      <Filter>Archivos de código fuente\Main</Filter>
    </ClCompile>
    <ClCompile Include="Sprite.cpp">
      <Filter>Archivos de código fuente\Characters</Filter>
    </ClCompile>
  </ItemGroup>
</Project>